<?xml version="1.0" encoding="utf-8"?>
<Project ToolsVersion="4.0" xmlns="http://schemas.microsoft.com/developer/msbuild/2003">
  <ItemGroup>
    <ClCompile Include="Apple.cpp" />
    <ClCompile Include="Bodypart.cpp" />
    <ClCompile Include="GameManager.cpp" />
    <ClCompile Include="InputManager.cpp" />
    <ClCompile Include="Main.cpp" />
    <ClCompile Include="SDL\SDLBmp.cpp" />
    <ClCompile Include="SDL\SDLError.cpp" />
    <ClCompile Include="SDL\SDLManager.cpp" />
    <ClCompile Include="Snake.cpp" />
    <ClCompile Include="Timer.cpp" />
  </ItemGroup>
  <ItemGroup>
    <ClInclude Include="Apple.h" />
    <ClInclude Include="Bodypart.h" />
    <ClInclude Include="GameManager.h" />
    <ClInclude Include="InputManager.h" />
    <ClInclude Include="resource.h" />
    <ClInclude Include="SDL\SDLBmp.h" />
    <ClInclude Include="SDL\SDLError.h" />
    <ClInclude Include="SDL\SDLManager.h" />
    <ClInclude Include="SDL\SDLMath.h" />
    <ClInclude Include="SDL\SDLWindow.h" />
    <ClInclude Include="Snake.h" />
    <ClInclude Include="Timer.h" />
  </ItemGroup>
  <ItemGroup>
    <ResourceCompile Include="Oppgaven.rc" />
  </ItemGroup>
  <ItemGroup>
    <Image Include="Assets\gfx\sdl2.bmp" />
    <Image Include="Assets\gfx\sdl_bro.bmp" />
  </ItemGroup>
  <ItemGroup>
    <None Include="ClassDiagram.cd" />
    <None Include="packages.config" />
  </ItemGroup>
</Project>